
Microsoft Visual Studio Solution File, Format Version 12.00
# Visual Studio Version 17
VisualStudioVersion = 17.1.32421.90
MinimumVisualStudioVersion = 10.0.40219.1
Project("{FAE04EC0-301F-11D3-BF4B-00C04F79EFBC}") = "Role-Delegate05042022", "Role-Delegate05042022\Role-Delegate05042022.csproj", "{FEC29E10-A37A-4137-AA63-628F9B3E1E5C}"
EndProject
Project("{FAE04EC0-301F-11D3-BF4B-00C04F79EFBC}") = "Utils", "Utils1\Utils.csproj", "{566BB3A4-0917-4C4A-81B7-6E6D79C26822}"
EndProject
Global
	GlobalSection(SolutionConfigurationPlatforms) = preSolution
		Debug|Any CPU = Debug|Any CPU
		Release|Any CPU = Release|Any CPU
	EndGlobalSection
	GlobalSection(ProjectConfigurationPlatforms) = postSolution
		{FEC29E10-A37A-4137-AA63-628F9B3E1E5C}.Debug|Any CPU.ActiveCfg = Debug|Any CPU
		{FEC29E10-A37A-4137-AA63-628F9B3E1E5C}.Debug|Any CPU.Build.0 = Debug|Any CPU
		{FEC29E10-A37A-4137-AA63-628F9B3E1E5C}.Release|Any CPU.ActiveCfg = Release|Any CPU
		{FEC29E10-A37A-4137-AA63-628F9B3E1E5C}.Release|Any CPU.Build.0 = Release|Any CPU
		{566BB3A4-0917-4C4A-81B7-6E6D79C26822}.Debug|Any CPU.ActiveCfg = Debug|Any CPU
		{566BB3A4-0917-4C4A-81B7-6E6D79C26822}.Debug|Any CPU.Build.0 = Debug|Any CPU
		{566BB3A4-0917-4C4A-81B7-6E6D79C26822}.Release|Any CPU.ActiveCfg = Release|Any CPU
		{566BB3A4-0917-4C4A-81B7-6E6D79C26822}.Release|Any CPU.Build.0 = Release|Any CPU
	EndGlobalSection
	GlobalSection(SolutionProperties) = preSolution
		HideSolutionNode = FALSE
	EndGlobalSection
	GlobalSection(ExtensibilityGlobals) = postSolution
		SolutionGuid = {7CB7F045-6A97-4A31-8767-1B9B5060CE3F}
	EndGlobalSection
EndGlobal
